<?xml version="1.0" encoding="utf-8"?>
<Project ToolsVersion="4.0" xmlns="http://schemas.microsoft.com/developer/msbuild/2003">
  <ItemGroup>
    <ClCompile Include="pch.cpp" />
    <ClCompile Include="BinarySearchTest.cpp">
      <Filter>Test File</Filter>
    </ClCompile>
    <ClCompile Include="Main.cpp" />
    <ClCompile Include="BinarySearch.cpp">
      <Filter>Source File</Filter>
    </ClCompile>
    <ClCompile Include="BinarySearchIterativeTest.cpp">
      <Filter>Test File</Filter>
    </ClCompile>
  </ItemGroup>
  <ItemGroup>
    <ClInclude Include="pch.h" />
    <ClInclude Include="BinarySearch.h">
      <Filter>Header File</Filter>
    </ClInclude>
  </ItemGroup>
  <ItemGroup>
    <Filter Include="Header File">
      <UniqueIdentifier>{ac9e8d0f-e141-41a9-9cb6-85a80beab302}</UniqueIdentifier>
    </Filter>
    <Filter Include="Source File">
      <UniqueIdentifier>{9ab80316-804b-444b-bd24-5c01c97ff655}</UniqueIdentifier>
    </Filter>
    <Filter Include="Test File">
      <UniqueIdentifier>{94fcb1a5-e526-4fc3-b6f7-a3707598bb84}</UniqueIdentifier>
    </Filter>
  </ItemGroup>
</Project>