<?xml version="1.0" encoding="utf-8"?>
<Project ToolsVersion="4.0" xmlns="http://schemas.microsoft.com/developer/msbuild/2003">
  <ItemGroup>
    <ClCompile Include="pch.cpp" />
    <ClCompile Include="NaturalNumbersSum.cpp">
      <Filter>Code Source Files</Filter>
    </ClCompile>
    <ClCompile Include="Main.cpp" />
    <ClCompile Include="NaturalNumbersSumTest.cpp">
      <Filter>Test Files</Filter>
    </ClCompile>
    <ClCompile Include="PairSumSequence.cpp">
      <Filter>Code Source Files</Filter>
    </ClCompile>
    <ClCompile Include="PairSumSequenceTest.cpp">
      <Filter>Test Files</Filter>
    </ClCompile>
  </ItemGroup>
  <ItemGroup>
    <ClInclude Include="pch.h" />
    <ClInclude Include="NaturalNumbersSum.h">
      <Filter>Code Header Files</Filter>
    </ClInclude>
    <ClInclude Include="PairSumSequence.h">
      <Filter>Code Header Files</Filter>
    </ClInclude>
  </ItemGroup>
  <ItemGroup>
    <Filter Include="Test Files">
      <UniqueIdentifier>{ac49e5b6-c0a7-4984-9d05-b14fa190ee9c}</UniqueIdentifier>
    </Filter>
    <Filter Include="Code Header Files">
      <UniqueIdentifier>{844d3db5-16cf-43c6-ac92-fe832a917da3}</UniqueIdentifier>
    </Filter>
    <Filter Include="Code Source Files">
      <UniqueIdentifier>{d2973ba4-7e7b-4a45-a96e-8644e753f50a}</UniqueIdentifier>
    </Filter>
  </ItemGroup>
  <ItemGroup>
    <None Include="packages.config" />
  </ItemGroup>
</Project>